
Microsoft Visual Studio Solution File, Format Version 12.00
# Visual Studio Version 16
VisualStudioVersion = 16.0.29215.179
MinimumVisualStudioVersion = 10.0.40219.1
Project("{FAE04EC0-301F-11D3-BF4B-00C04F79EFBC}") = "TestApplication", "TestApplication\TestApplication.csproj", "{929483D1-F1C5-49AE-B4EB-C07C18D6C027}"
EndProject
Global
	GlobalSection(SolutionConfigurationPlatforms) = preSolution
		Debug|Any CPU = Debug|Any CPU
		Release|Any CPU = Release|Any CPU
	EndGlobalSection
	GlobalSection(ProjectConfigurationPlatforms) = postSolution
		{929483D1-F1C5-49AE-B4EB-C07C18D6C027}.Debug|Any CPU.ActiveCfg = Debug|Any CPU
		{929483D1-F1C5-49AE-B4EB-C07C18D6C027}.Debug|Any CPU.Build.0 = Debug|Any CPU
		{929483D1-F1C5-49AE-B4EB-C07C18D6C027}.Release|Any CPU.ActiveCfg = Release|Any CPU
		{929483D1-F1C5-49AE-B4EB-C07C18D6C027}.Release|Any CPU.Build.0 = Release|Any CPU
	EndGlobalSection
	GlobalSection(SolutionProperties) = preSolution
		HideSolutionNode = FALSE
	EndGlobalSection
	GlobalSection(ExtensibilityGlobals) = postSolution
		SolutionGuid = {04DE27BB-C5C1-42DD-A487-A272C768A48B}
	EndGlobalSection
EndGlobal
